# Generated by buf. DO NOT EDIT.
version: v1
deps:
  - remote: buf.build
    owner: bufbuild
    repository: protovalidate
    commit: b52ab10f44684cb19d1fbcad56aedd36
    digest: shake256:76c86c5e9f0fcedb57d84399a041ee00f3e91cef66769660b3e0f8bfb61dd5370df0bd9b33dc4379db87f8027e66c3784e8ef19e45b59c0710744f46824a54b8
